
Microsoft Visual Studio Solution File, Format Version 12.00
# Visual Studio Version 16
VisualStudioVersion = 16.0.30907.101
MinimumVisualStudioVersion = 10.0.40219.1
Project("{FAE04EC0-301F-11D3-BF4B-00C04F79EFBC}") = "LTI.RobotSimulator", "LTI.RobotSimulator\LTI.RobotSimulator.csproj", "{3D9FD92B-8BA5-49AB-ABFC-D201AE604B59}"
EndProject
Project("{FAE04EC0-301F-11D3-BF4B-00C04F79EFBC}") = "LTI.RobotSimulator.Core", "LTI.RobotSimulator.Core\LTI.RobotSimulator.Core.csproj", "{6F2226C7-62DD-4F7B-98B6-4FFE25F3C3DD}"
EndProject
Global
	GlobalSection(SolutionConfigurationPlatforms) = preSolution
		Debug|Any CPU = Debug|Any CPU
		Release|Any CPU = Release|Any CPU
	EndGlobalSection
	GlobalSection(ProjectConfigurationPlatforms) = postSolution
		{3D9FD92B-8BA5-49AB-ABFC-D201AE604B59}.Debug|Any CPU.ActiveCfg = Debug|Any CPU
		{3D9FD92B-8BA5-49AB-ABFC-D201AE604B59}.Debug|Any CPU.Build.0 = Debug|Any CPU
		{3D9FD92B-8BA5-49AB-ABFC-D201AE604B59}.Release|Any CPU.ActiveCfg = Release|Any CPU
		{3D9FD92B-8BA5-49AB-ABFC-D201AE604B59}.Release|Any CPU.Build.0 = Release|Any CPU
		{6F2226C7-62DD-4F7B-98B6-4FFE25F3C3DD}.Debug|Any CPU.ActiveCfg = Debug|Any CPU
		{6F2226C7-62DD-4F7B-98B6-4FFE25F3C3DD}.Debug|Any CPU.Build.0 = Debug|Any CPU
		{6F2226C7-62DD-4F7B-98B6-4FFE25F3C3DD}.Release|Any CPU.ActiveCfg = Release|Any CPU
		{6F2226C7-62DD-4F7B-98B6-4FFE25F3C3DD}.Release|Any CPU.Build.0 = Release|Any CPU
	EndGlobalSection
	GlobalSection(SolutionProperties) = preSolution
		HideSolutionNode = FALSE
	EndGlobalSection
	GlobalSection(ExtensibilityGlobals) = postSolution
		SolutionGuid = {88684970-3C17-41DE-B04A-D23C9E883A10}
	EndGlobalSection
EndGlobal
